// !$*UTF8*$!
{
	archiveVersion = 1;
	classes = {
	};
	objectVersion = 56;
	objects = {

/* Begin PBXBuildFile section */
		AF8727DE883D7C45112E3AEA /* Pods_SchoolSchedules.framework in Frameworks */ = {isa = PBXBuildFile; fileRef = 360ED6A23EFCD107248FF690 /* Pods_SchoolSchedules.framework */; };
		F6AEEA082977977700EE60A6 /* SchoolSchedulesApp.swift in Sources */ = {isa = PBXBuildFile; fileRef = F6AEEA072977977700EE60A6 /* SchoolSchedulesApp.swift */; };
		F6AEEA0A2977977700EE60A6 /* ContentView.swift in Sources */ = {isa = PBXBuildFile; fileRef = F6AEEA092977977700EE60A6 /* ContentView.swift */; };
		F6AEEA0C2977977800EE60A6 /* Assets.xcassets in Resources */ = {isa = PBXBuildFile; fileRef = F6AEEA0B2977977800EE60A6 /* Assets.xcassets */; };
		F6AEEA0F2977977800EE60A6 /* Preview Assets.xcassets in Resources */ = {isa = PBXBuildFile; fileRef = F6AEEA0E2977977800EE60A6 /* Preview Assets.xcassets */; };
		F6AEEA192977977800EE60A6 /* SchoolSchedulesTests.swift in Sources */ = {isa = PBXBuildFile; fileRef = F6AEEA182977977800EE60A6 /* SchoolSchedulesTests.swift */; };
		F6AEEA232977977800EE60A6 /* SchoolSchedulesUITests.swift in Sources */ = {isa = PBXBuildFile; fileRef = F6AEEA222977977800EE60A6 /* SchoolSchedulesUITests.swift */; };
		F6AEEA252977977800EE60A6 /* SchoolSchedulesUITestsLaunchTests.swift in Sources */ = {isa = PBXBuildFile; fileRef = F6AEEA242977977800EE60A6 /* SchoolSchedulesUITestsLaunchTests.swift */; };
		F6AEEA33297798B000EE60A6 /* SchoolTimeTable.swift in Sources */ = {isa = PBXBuildFile; fileRef = F6AEEA32297798B000EE60A6 /* SchoolTimeTable.swift */; };
		F6AEEA3529782B6000EE60A6 /* ClassCard.swift in Sources */ = {isa = PBXBuildFile; fileRef = F6AEEA3429782B6000EE60A6 /* ClassCard.swift */; };
		F6B0146729A228B800C95438 /* AppendButton.swift in Sources */ = {isa = PBXBuildFile; fileRef = F6B0146629A228B800C95438 /* AppendButton.swift */; };
		F6BC707029869D2F00423614 /* DateException.swift in Sources */ = {isa = PBXBuildFile; fileRef = F6BC706F29869D2F00423614 /* DateException.swift */; };
		F6BC707329869E0000423614 /* DateStruct.swift in Sources */ = {isa = PBXBuildFile; fileRef = F6BC707229869E0000423614 /* DateStruct.swift */; };
		F6BC70752986B37B00423614 /* WeekStruct.swift in Sources */ = {isa = PBXBuildFile; fileRef = F6BC70742986B37B00423614 /* WeekStruct.swift */; };
		F6BC7077299256D500423614 /* NewSubject.swift in Sources */ = {isa = PBXBuildFile; fileRef = F6BC7076299256D500423614 /* NewSubject.swift */; };
		F6BC707E299775A100423614 /* ClassSpace.swift in Sources */ = {isa = PBXBuildFile; fileRef = F6BC707D299775A100423614 /* ClassSpace.swift */; };
		F6BC941F29860E4300008BAE /* SubjectItem.swift in Sources */ = {isa = PBXBuildFile; fileRef = F6BC941E29860E4300008BAE /* SubjectItem.swift */; };
		F6BC942529866ED300008BAE /* DateHelper.swift in Sources */ = {isa = PBXBuildFile; fileRef = F6BC942429866ED300008BAE /* DateHelper.swift */; };
/* End PBXBuildFile section */

/* Begin PBXContainerItemProxy section */
		F6AEEA152977977800EE60A6 /* PBXContainerItemProxy */ = {
			isa = PBXContainerItemProxy;
			containerPortal = F6AEE9FC2977977700EE60A6 /* Project object */;
			proxyType = 1;
			remoteGlobalIDString = F6AEEA032977977700EE60A6;
			remoteInfo = SchoolSchedules;
		};
		F6AEEA1F2977977800EE60A6 /* PBXContainerItemProxy */ = {
			isa = PBXContainerItemProxy;
			containerPortal = F6AEE9FC2977977700EE60A6 /* Project object */;
			proxyType = 1;
			remoteGlobalIDString = F6AEEA032977977700EE60A6;
			remoteInfo = SchoolSchedules;
		};
/* End PBXContainerItemProxy section */

/* Begin PBXFileReference section */
		360ED6A23EFCD107248FF690 /* Pods_SchoolSchedules.framework */ = {isa = PBXFileReference; explicitFileType = wrapper.framework; includeInIndex = 0; path = Pods_SchoolSchedules.framework; sourceTree = BUILT_PRODUCTS_DIR; };
		70C3F3E367475F5A6B34A2D7 /* Pods-SchoolSchedules.release.xcconfig */ = {isa = PBXFileReference; includeInIndex = 1; lastKnownFileType = text.xcconfig; name = "Pods-SchoolSchedules.release.xcconfig"; path = "Target Support Files/Pods-SchoolSchedules/Pods-SchoolSchedules.release.xcconfig"; sourceTree = "<group>"; };
		F6AEEA042977977700EE60A6 /* SchoolSchedules.app */ = {isa = PBXFileReference; explicitFileType = wrapper.application; includeInIndex = 0; path = SchoolSchedules.app; sourceTree = BUILT_PRODUCTS_DIR; };
		F6AEEA072977977700EE60A6 /* SchoolSchedulesApp.swift */ = {isa = PBXFileReference; lastKnownFileType = sourcecode.swift; path = SchoolSchedulesApp.swift; sourceTree = "<group>"; };
		F6AEEA092977977700EE60A6 /* ContentView.swift */ = {isa = PBXFileReference; lastKnownFileType = sourcecode.swift; path = ContentView.swift; sourceTree = "<group>"; };
		F6AEEA0B2977977800EE60A6 /* Assets.xcassets */ = {isa = PBXFileReference; lastKnownFileType = folder.assetcatalog; path = Assets.xcassets; sourceTree = "<group>"; };
		F6AEEA0E2977977800EE60A6 /* Preview Assets.xcassets */ = {isa = PBXFileReference; lastKnownFileType = folder.assetcatalog; path = "Preview Assets.xcassets"; sourceTree = "<group>"; };
		F6AEEA142977977800EE60A6 /* SchoolSchedulesTests.xctest */ = {isa = PBXFileReference; explicitFileType = wrapper.cfbundle; includeInIndex = 0; path = SchoolSchedulesTests.xctest; sourceTree = BUILT_PRODUCTS_DIR; };
		F6AEEA182977977800EE60A6 /* SchoolSchedulesTests.swift */ = {isa = PBXFileReference; lastKnownFileType = sourcecode.swift; path = SchoolSchedulesTests.swift; sourceTree = "<group>"; };
		F6AEEA1E2977977800EE60A6 /* SchoolSchedulesUITests.xctest */ = {isa = PBXFileReference; explicitFileType = wrapper.cfbundle; includeInIndex = 0; path = SchoolSchedulesUITests.xctest; sourceTree = BUILT_PRODUCTS_DIR; };
		F6AEEA222977977800EE60A6 /* SchoolSchedulesUITests.swift */ = {isa = PBXFileReference; lastKnownFileType = sourcecode.swift; path = SchoolSchedulesUITests.swift; sourceTree = "<group>"; };
		F6AEEA242977977800EE60A6 /* SchoolSchedulesUITestsLaunchTests.swift */ = {isa = PBXFileReference; lastKnownFileType = sourcecode.swift; path = SchoolSchedulesUITestsLaunchTests.swift; sourceTree = "<group>"; };
		F6AEEA32297798B000EE60A6 /* SchoolTimeTable.swift */ = {isa = PBXFileReference; lastKnownFileType = sourcecode.swift; path = SchoolTimeTable.swift; sourceTree = "<group>"; };
		F6AEEA3429782B6000EE60A6 /* ClassCard.swift */ = {isa = PBXFileReference; lastKnownFileType = sourcecode.swift; path = ClassCard.swift; sourceTree = "<group>"; };
		F6B0146629A228B800C95438 /* AppendButton.swift */ = {isa = PBXFileReference; lastKnownFileType = sourcecode.swift; path = AppendButton.swift; sourceTree = "<group>"; };
		F6BC706F29869D2F00423614 /* DateException.swift */ = {isa = PBXFileReference; lastKnownFileType = sourcecode.swift; path = DateException.swift; sourceTree = "<group>"; };
		F6BC707229869E0000423614 /* DateStruct.swift */ = {isa = PBXFileReference; lastKnownFileType = sourcecode.swift; path = DateStruct.swift; sourceTree = "<group>"; };
		F6BC70742986B37B00423614 /* WeekStruct.swift */ = {isa = PBXFileReference; lastKnownFileType = sourcecode.swift; path = WeekStruct.swift; sourceTree = "<group>"; };
		F6BC7076299256D500423614 /* NewSubject.swift */ = {isa = PBXFileReference; lastKnownFileType = sourcecode.swift; path = NewSubject.swift; sourceTree = "<group>"; };
		F6BC707D299775A100423614 /* ClassSpace.swift */ = {isa = PBXFileReference; lastKnownFileType = sourcecode.swift; path = ClassSpace.swift; sourceTree = "<group>"; };
		F6BC941E29860E4300008BAE /* SubjectItem.swift */ = {isa = PBXFileReference; lastKnownFileType = sourcecode.swift; path = SubjectItem.swift; sourceTree = "<group>"; };
		F6BC942429866ED300008BAE /* DateHelper.swift */ = {isa = PBXFileReference; lastKnownFileType = sourcecode.swift; path = DateHelper.swift; sourceTree = "<group>"; };
		FADF6B8BEF54CB5FB23C13BD /* Pods-SchoolSchedules.debug.xcconfig */ = {isa = PBXFileReference; includeInIndex = 1; lastKnownFileType = text.xcconfig; name = "Pods-SchoolSchedules.debug.xcconfig"; path = "Target Support Files/Pods-SchoolSchedules/Pods-SchoolSchedules.debug.xcconfig"; sourceTree = "<group>"; };
/* End PBXFileReference section */

/* Begin PBXFrameworksBuildPhase section */
		F6AEEA012977977700EE60A6 /* Frameworks */ = {
			isa = PBXFrameworksBuildPhase;
			buildActionMask = 2147483647;
			files = (
				AF8727DE883D7C45112E3AEA /* Pods_SchoolSchedules.framework in Frameworks */,
			);
			runOnlyForDeploymentPostprocessing = 0;
		};
		F6AEEA112977977800EE60A6 /* Frameworks */ = {
			isa = PBXFrameworksBuildPhase;
			buildActionMask = 2147483647;
			files = (
			);
			runOnlyForDeploymentPostprocessing = 0;
		};
		F6AEEA1B2977977800EE60A6 /* Frameworks */ = {
			isa = PBXFrameworksBuildPhase;
			buildActionMask = 2147483647;
			files = (
			);
			runOnlyForDeploymentPostprocessing = 0;
		};
/* End PBXFrameworksBuildPhase section */

/* Begin PBXGroup section */
		27F32EA9A16D9D7E3B033D3A /* Pods */ = {
			isa = PBXGroup;
			children = (
				FADF6B8BEF54CB5FB23C13BD /* Pods-SchoolSchedules.debug.xcconfig */,
				70C3F3E367475F5A6B34A2D7 /* Pods-SchoolSchedules.release.xcconfig */,
			);
			path = Pods;
			sourceTree = "<group>";
		};
		E734F89930187F122027AD8B /* Frameworks */ = {
			isa = PBXGroup;
			children = (
				360ED6A23EFCD107248FF690 /* Pods_SchoolSchedules.framework */,
			);
			name = Frameworks;
			sourceTree = "<group>";
		};
		F60B1F06297D0FB100CEB492 /* DataBase */ = {
			isa = PBXGroup;
			children = (
				F6BC941E29860E4300008BAE /* SubjectItem.swift */,
			);
			path = DataBase;
			sourceTree = "<group>";
		};
		F6AEE9FB2977977700EE60A6 = {
			isa = PBXGroup;
			children = (
				F6AEEA062977977700EE60A6 /* SchoolSchedules */,
				F6AEEA172977977800EE60A6 /* SchoolSchedulesTests */,
				F6AEEA212977977800EE60A6 /* SchoolSchedulesUITests */,
				F6AEEA052977977700EE60A6 /* Products */,
				27F32EA9A16D9D7E3B033D3A /* Pods */,
				E734F89930187F122027AD8B /* Frameworks */,
			);
			sourceTree = "<group>";
		};
		F6AEEA052977977700EE60A6 /* Products */ = {
			isa = PBXGroup;
			children = (
				F6AEEA042977977700EE60A6 /* SchoolSchedules.app */,
				F6AEEA142977977800EE60A6 /* SchoolSchedulesTests.xctest */,
				F6AEEA1E2977977800EE60A6 /* SchoolSchedulesUITests.xctest */,
			);
			name = Products;
			sourceTree = "<group>";
		};
		F6AEEA062977977700EE60A6 /* SchoolSchedules */ = {
			isa = PBXGroup;
			children = (
				F6BC707129869DE600423614 /* Models */,
				F6BC706E29869D1D00423614 /* Exceptions */,
				F60B1F06297D0FB100CEB492 /* DataBase */,
				F6AEEA312977989200EE60A6 /* Views */,
				F6AEEA072977977700EE60A6 /* SchoolSchedulesApp.swift */,
				F6AEEA092977977700EE60A6 /* ContentView.swift */,
				F6AEEA0B2977977800EE60A6 /* Assets.xcassets */,
				F6AEEA0D2977977800EE60A6 /* Preview Content */,
				F6BC942429866ED300008BAE /* DateHelper.swift */,
			);
			path = SchoolSchedules;
			sourceTree = "<group>";
		};
		F6AEEA0D2977977800EE60A6 /* Preview Content */ = {
			isa = PBXGroup;
			children = (
				F6AEEA0E2977977800EE60A6 /* Preview Assets.xcassets */,
			);
			path = "Preview Content";
			sourceTree = "<group>";
		};
		F6AEEA172977977800EE60A6 /* SchoolSchedulesTests */ = {
			isa = PBXGroup;
			children = (
				F6AEEA182977977800EE60A6 /* SchoolSchedulesTests.swift */,
			);
			path = SchoolSchedulesTests;
			sourceTree = "<group>";
		};
		F6AEEA212977977800EE60A6 /* SchoolSchedulesUITests */ = {
			isa = PBXGroup;
			children = (
				F6AEEA222977977800EE60A6 /* SchoolSchedulesUITests.swift */,
				F6AEEA242977977800EE60A6 /* SchoolSchedulesUITestsLaunchTests.swift */,
			);
			path = SchoolSchedulesUITests;
			sourceTree = "<group>";
		};
		F6AEEA312977989200EE60A6 /* Views */ = {
			isa = PBXGroup;
			children = (
				F6B0146529A2287600C95438 /* Parts */,
				F6AEEA32297798B000EE60A6 /* SchoolTimeTable.swift */,
				F6BC7076299256D500423614 /* NewSubject.swift */,
				F6BC707D299775A100423614 /* ClassSpace.swift */,
			);
			path = Views;
			sourceTree = "<group>";
		};
		F6B0146529A2287600C95438 /* Parts */ = {
			isa = PBXGroup;
			children = (
				F6AEEA3429782B6000EE60A6 /* ClassCard.swift */,
				F6B0146629A228B800C95438 /* AppendButton.swift */,
			);
			path = Parts;
			sourceTree = "<group>";
		};
		F6BC706E29869D1D00423614 /* Exceptions */ = {
			isa = PBXGroup;
			children = (
				F6BC706F29869D2F00423614 /* DateException.swift */,
			);
			path = Exceptions;
			sourceTree = "<group>";
		};
		F6BC707129869DE600423614 /* Models */ = {
			isa = PBXGroup;
			children = (
				F6BC707229869E0000423614 /* DateStruct.swift */,
				F6BC70742986B37B00423614 /* WeekStruct.swift */,
			);
			path = Models;
			sourceTree = "<group>";
		};
/* End PBXGroup section */

/* Begin PBXNativeTarget section */
		F6AEEA032977977700EE60A6 /* SchoolSchedules */ = {
			isa = PBXNativeTarget;
			buildConfigurationList = F6AEEA282977977800EE60A6 /* Build configuration list for PBXNativeTarget "SchoolSchedules" */;
			buildPhases = (
				71112FF68CD9232FAB50457E /* [CP] Check Pods Manifest.lock */,
				F6AEEA002977977700EE60A6 /* Sources */,
				F6AEEA012977977700EE60A6 /* Frameworks */,
				F6AEEA022977977700EE60A6 /* Resources */,
				4BD864E6011442EEE3FD61CE /* [CP] Embed Pods Frameworks */,
			);
			buildRules = (
			);
			dependencies = (
			);
			name = SchoolSchedules;
			productName = SchoolSchedules;
			productReference = F6AEEA042977977700EE60A6 /* SchoolSchedules.app */;
			productType = "com.apple.product-type.application";
		};
		F6AEEA132977977800EE60A6 /* SchoolSchedulesTests */ = {
			isa = PBXNativeTarget;
			buildConfigurationList = F6AEEA2B2977977800EE60A6 /* Build configuration list for PBXNativeTarget "SchoolSchedulesTests" */;
			buildPhases = (
				F6AEEA102977977800EE60A6 /* Sources */,
				F6AEEA112977977800EE60A6 /* Frameworks */,
				F6AEEA122977977800EE60A6 /* Resources */,
			);
			buildRules = (
			);
			dependencies = (
				F6AEEA162977977800EE60A6 /* PBXTargetDependency */,
			);
			name = SchoolSchedulesTests;
			productName = SchoolSchedulesTests;
			productReference = F6AEEA142977977800EE60A6 /* SchoolSchedulesTests.xctest */;
			productType = "com.apple.product-type.bundle.unit-test";
		};
		F6AEEA1D2977977800EE60A6 /* SchoolSchedulesUITests */ = {
			isa = PBXNativeTarget;
			buildConfigurationList = F6AEEA2E2977977800EE60A6 /* Build configuration list for PBXNativeTarget "SchoolSchedulesUITests" */;
			buildPhases = (
				F6AEEA1A2977977800EE60A6 /* Sources */,
				F6AEEA1B2977977800EE60A6 /* Frameworks */,
				F6AEEA1C2977977800EE60A6 /* Resources */,
			);
			buildRules = (
			);
			dependencies = (
				F6AEEA202977977800EE60A6 /* PBXTargetDependency */,
			);
			name = SchoolSchedulesUITests;
			productName = SchoolSchedulesUITests;
			productReference = F6AEEA1E2977977800EE60A6 /* SchoolSchedulesUITests.xctest */;
			productType = "com.apple.product-type.bundle.ui-testing";
		};
/* End PBXNativeTarget section */

/* Begin PBXProject section */
		F6AEE9FC2977977700EE60A6 /* Project object */ = {
			isa = PBXProject;
			attributes = {
				BuildIndependentTargetsInParallel = 1;
				LastSwiftUpdateCheck = 1420;
				LastUpgradeCheck = 1420;
				TargetAttributes = {
					F6AEEA032977977700EE60A6 = {
						CreatedOnToolsVersion = 14.2;
					};
					F6AEEA132977977800EE60A6 = {
						CreatedOnToolsVersion = 14.2;
						TestTargetID = F6AEEA032977977700EE60A6;
					};
					F6AEEA1D2977977800EE60A6 = {
						CreatedOnToolsVersion = 14.2;
						TestTargetID = F6AEEA032977977700EE60A6;
					};
				};
			};
			buildConfigurationList = F6AEE9FF2977977700EE60A6 /* Build configuration list for PBXProject "SchoolSchedules" */;
			compatibilityVersion = "Xcode 14.0";
			developmentRegion = en;
			hasScannedForEncodings = 0;
			knownRegions = (
				en,
				Base,
			);
			mainGroup = F6AEE9FB2977977700EE60A6;
			productRefGroup = F6AEEA052977977700EE60A6 /* Products */;
			projectDirPath = "";
			projectRoot = "";
			targets = (
				F6AEEA032977977700EE60A6 /* SchoolSchedules */,
				F6AEEA132977977800EE60A6 /* SchoolSchedulesTests */,
				F6AEEA1D2977977800EE60A6 /* SchoolSchedulesUITests */,
			);
		};
/* End PBXProject section */

/* Begin PBXResourcesBuildPhase section */
		F6AEEA022977977700EE60A6 /* Resources */ = {
			isa = PBXResourcesBuildPhase;
			buildActionMask = 2147483647;
			files = (
				F6AEEA0F2977977800EE60A6 /* Preview Assets.xcassets in Resources */,
				F6AEEA0C2977977800EE60A6 /* Assets.xcassets in Resources */,
			);
			runOnlyForDeploymentPostprocessing = 0;
		};
		F6AEEA122977977800EE60A6 /* Resources */ = {
			isa = PBXResourcesBuildPhase;
			buildActionMask = 2147483647;
			files = (
			);
			runOnlyForDeploymentPostprocessing = 0;
		};
		F6AEEA1C2977977800EE60A6 /* Resources */ = {
			isa = PBXResourcesBuildPhase;
			buildActionMask = 2147483647;
			files = (
			);
			runOnlyForDeploymentPostprocessing = 0;
		};
/* End PBXResourcesBuildPhase section */

/* Begin PBXShellScriptBuildPhase section */
		4BD864E6011442EEE3FD61CE /* [CP] Embed Pods Frameworks */ = {
			isa = PBXShellScriptBuildPhase;
			buildActionMask = 2147483647;
			files = (
			);
			inputFileListPaths = (
				"${PODS_ROOT}/Target Support Files/Pods-SchoolSchedules/Pods-SchoolSchedules-frameworks-${CONFIGURATION}-input-files.xcfilelist",
			);
			name = "[CP] Embed Pods Frameworks";
			outputFileListPaths = (
				"${PODS_ROOT}/Target Support Files/Pods-SchoolSchedules/Pods-SchoolSchedules-frameworks-${CONFIGURATION}-output-files.xcfilelist",
			);
			runOnlyForDeploymentPostprocessing = 0;
			shellPath = /bin/sh;
			shellScript = "\"${PODS_ROOT}/Target Support Files/Pods-SchoolSchedules/Pods-SchoolSchedules-frameworks.sh\"\n";
			showEnvVarsInLog = 0;
		};
		71112FF68CD9232FAB50457E /* [CP] Check Pods Manifest.lock */ = {
			isa = PBXShellScriptBuildPhase;
			buildActionMask = 2147483647;
			files = (
			);
			inputFileListPaths = (
			);
			inputPaths = (
				"${PODS_PODFILE_DIR_PATH}/Podfile.lock",
				"${PODS_ROOT}/Manifest.lock",
			);
			name = "[CP] Check Pods Manifest.lock";
			outputFileListPaths = (
			);
			outputPaths = (
				"$(DERIVED_FILE_DIR)/Pods-SchoolSchedules-checkManifestLockResult.txt",
			);
			runOnlyForDeploymentPostprocessing = 0;
			shellPath = /bin/sh;
			shellScript = "diff \"${PODS_PODFILE_DIR_PATH}/Podfile.lock\" \"${PODS_ROOT}/Manifest.lock\" > /dev/null\nif [ $? != 0 ] ; then\n    # print error to STDERR\n    echo \"error: The sandbox is not in sync with the Podfile.lock. Run 'pod install' or update your CocoaPods installation.\" >&2\n    exit 1\nfi\n# This output is used by Xcode 'outputs' to avoid re-running this script phase.\necho \"SUCCESS\" > \"${SCRIPT_OUTPUT_FILE_0}\"\n";
			showEnvVarsInLog = 0;
		};
/* End PBXShellScriptBuildPhase section */

/* Begin PBXSourcesBuildPhase section */
		F6AEEA002977977700EE60A6 /* Sources */ = {
			isa = PBXSourcesBuildPhase;
			buildActionMask = 2147483647;
			files = (
				F6AEEA0A2977977700EE60A6 /* ContentView.swift in Sources */,
				F6BC707329869E0000423614 /* DateStruct.swift in Sources */,
				F6BC70752986B37B00423614 /* WeekStruct.swift in Sources */,
				F6AEEA082977977700EE60A6 /* SchoolSchedulesApp.swift in Sources */,
				F6BC707E299775A100423614 /* ClassSpace.swift in Sources */,
				F6BC7077299256D500423614 /* NewSubject.swift in Sources */,
				F6BC941F29860E4300008BAE /* SubjectItem.swift in Sources */,
				F6BC942529866ED300008BAE /* DateHelper.swift in Sources */,
				F6BC707029869D2F00423614 /* DateException.swift in Sources */,
				F6AEEA3529782B6000EE60A6 /* ClassCard.swift in Sources */,
				F6B0146729A228B800C95438 /* AppendButton.swift in Sources */,
				F6AEEA33297798B000EE60A6 /* SchoolTimeTable.swift in Sources */,
			);
			runOnlyForDeploymentPostprocessing = 0;
		};
		F6AEEA102977977800EE60A6 /* Sources */ = {
			isa = PBXSourcesBuildPhase;
			buildActionMask = 2147483647;
			files = (
				F6AEEA192977977800EE60A6 /* SchoolSchedulesTests.swift in Sources */,
			);
			runOnlyForDeploymentPostprocessing = 0;
		};
		F6AEEA1A2977977800EE60A6 /* Sources */ = {
			isa = PBXSourcesBuildPhase;
			buildActionMask = 2147483647;
			files = (
				F6AEEA232977977800EE60A6 /* SchoolSchedulesUITests.swift in Sources */,
				F6AEEA252977977800EE60A6 /* SchoolSchedulesUITestsLaunchTests.swift in Sources */,
			);
			runOnlyForDeploymentPostprocessing = 0;
		};
/* End PBXSourcesBuildPhase section */

/* Begin PBXTargetDependency section */
		F6AEEA162977977800EE60A6 /* PBXTargetDependency */ = {
			isa = PBXTargetDependency;
			target = F6AEEA032977977700EE60A6 /* SchoolSchedules */;
			targetProxy = F6AEEA152977977800EE60A6 /* PBXContainerItemProxy */;
		};
		F6AEEA202977977800EE60A6 /* PBXTargetDependency */ = {
			isa = PBXTargetDependency;
			target = F6AEEA032977977700EE60A6 /* SchoolSchedules */;
			targetProxy = F6AEEA1F2977977800EE60A6 /* PBXContainerItemProxy */;
		};
/* End PBXTargetDependency section */

/* Begin XCBuildConfiguration section */
		F6AEEA262977977800EE60A6 /* Debug */ = {
			isa = XCBuildConfiguration;
			buildSettings = {
				ALWAYS_SEARCH_USER_PATHS = NO;
				CLANG_ANALYZER_NONNULL = YES;
				CLANG_ANALYZER_NUMBER_OBJECT_CONVERSION = YES_AGGRESSIVE;
				CLANG_CXX_LANGUAGE_STANDARD = "gnu++20";
				CLANG_ENABLE_MODULES = YES;
				CLANG_ENABLE_OBJC_ARC = YES;
				CLANG_ENABLE_OBJC_WEAK = YES;
				CLANG_WARN_BLOCK_CAPTURE_AUTORELEASING = YES;
				CLANG_WARN_BOOL_CONVERSION = YES;
				CLANG_WARN_COMMA = YES;
				CLANG_WARN_CONSTANT_CONVERSION = YES;
				CLANG_WARN_DEPRECATED_OBJC_IMPLEMENTATIONS = YES;
				CLANG_WARN_DIRECT_OBJC_ISA_USAGE = YES_ERROR;
				CLANG_WARN_DOCUMENTATION_COMMENTS = YES;
				CLANG_WARN_EMPTY_BODY = YES;
				CLANG_WARN_ENUM_CONVERSION = YES;
				CLANG_WARN_INFINITE_RECURSION = YES;
				CLANG_WARN_INT_CONVERSION = YES;
				CLANG_WARN_NON_LITERAL_NULL_CONVERSION = YES;
				CLANG_WARN_OBJC_IMPLICIT_RETAIN_SELF = YES;
				CLANG_WARN_OBJC_LITERAL_CONVERSION = YES;
				CLANG_WARN_OBJC_ROOT_CLASS = YES_ERROR;
				CLANG_WARN_QUOTED_INCLUDE_IN_FRAMEWORK_HEADER = YES;
				CLANG_WARN_RANGE_LOOP_ANALYSIS = YES;
				CLANG_WARN_STRICT_PROTOTYPES = YES;
				CLANG_WARN_SUSPICIOUS_MOVE = YES;
				CLANG_WARN_UNGUARDED_AVAILABILITY = YES_AGGRESSIVE;
				CLANG_WARN_UNREACHABLE_CODE = YES;
				CLANG_WARN__DUPLICATE_METHOD_MATCH = YES;
				COPY_PHASE_STRIP = NO;
				DEBUG_INFORMATION_FORMAT = dwarf;
				ENABLE_STRICT_OBJC_MSGSEND = YES;
				ENABLE_TESTABILITY = YES;
				GCC_C_LANGUAGE_STANDARD = gnu11;
				GCC_DYNAMIC_NO_PIC = NO;
				GCC_NO_COMMON_BLOCKS = YES;
				GCC_OPTIMIZATION_LEVEL = 0;
				GCC_PREPROCESSOR_DEFINITIONS = (
					"DEBUG=1",
					"$(inherited)",
				);
				GCC_WARN_64_TO_32_BIT_CONVERSION = YES;
				GCC_WARN_ABOUT_RETURN_TYPE = YES_ERROR;
				GCC_WARN_UNDECLARED_SELECTOR = YES;
				GCC_WARN_UNINITIALIZED_AUTOS = YES_AGGRESSIVE;
				GCC_WARN_UNUSED_FUNCTION = YES;
				GCC_WARN_UNUSED_VARIABLE = YES;
				IPHONEOS_DEPLOYMENT_TARGET = 16.2;
				MTL_ENABLE_DEBUG_INFO = INCLUDE_SOURCE;
				MTL_FAST_MATH = YES;
				ONLY_ACTIVE_ARCH = YES;
				SDKROOT = iphoneos;
				SWIFT_ACTIVE_COMPILATION_CONDITIONS = DEBUG;
				SWIFT_OPTIMIZATION_LEVEL = "-Onone";
			};
			name = Debug;
		};
		F6AEEA272977977800EE60A6 /* Release */ = {
			isa = XCBuildConfiguration;
			buildSettings = {
				ALWAYS_SEARCH_USER_PATHS = NO;
				CLANG_ANALYZER_NONNULL = YES;
				CLANG_ANALYZER_NUMBER_OBJECT_CONVERSION = YES_AGGRESSIVE;
				CLANG_CXX_LANGUAGE_STANDARD = "gnu++20";
				CLANG_ENABLE_MODULES = YES;
				CLANG_ENABLE_OBJC_ARC = YES;
				CLANG_ENABLE_OBJC_WEAK = YES;
				CLANG_WARN_BLOCK_CAPTURE_AUTORELEASING = YES;
				CLANG_WARN_BOOL_CONVERSION = YES;
				CLANG_WARN_COMMA = YES;
				CLANG_WARN_CONSTANT_CONVERSION = YES;
				CLANG_WARN_DEPRECATED_OBJC_IMPLEMENTATIONS = YES;
				CLANG_WARN_DIRECT_OBJC_ISA_USAGE = YES_ERROR;
				CLANG_WARN_DOCUMENTATION_COMMENTS = YES;
				CLANG_WARN_EMPTY_BODY = YES;
				CLANG_WARN_ENUM_CONVERSION = YES;
				CLANG_WARN_INFINITE_RECURSION = YES;
				CLANG_WARN_INT_CONVERSION = YES;
				CLANG_WARN_NON_LITERAL_NULL_CONVERSION = YES;
				CLANG_WARN_OBJC_IMPLICIT_RETAIN_SELF = YES;
				CLANG_WARN_OBJC_LITERAL_CONVERSION = YES;
				CLANG_WARN_OBJC_ROOT_CLASS = YES_ERROR;
				CLANG_WARN_QUOTED_INCLUDE_IN_FRAMEWORK_HEADER = YES;
				CLANG_WARN_RANGE_LOOP_ANALYSIS = YES;
				CLANG_WARN_STRICT_PROTOTYPES = YES;
				CLANG_WARN_SUSPICIOUS_MOVE = YES;
				CLANG_WARN_UNGUARDED_AVAILABILITY = YES_AGGRESSIVE;
				CLANG_WARN_UNREACHABLE_CODE = YES;
				CLANG_WARN__DUPLICATE_METHOD_MATCH = YES;
				COPY_PHASE_STRIP = NO;
				DEBUG_INFORMATION_FORMAT = "dwarf-with-dsym";
				ENABLE_NS_ASSERTIONS = NO;
				ENABLE_STRICT_OBJC_MSGSEND = YES;
				GCC_C_LANGUAGE_STANDARD = gnu11;
				GCC_NO_COMMON_BLOCKS = YES;
				GCC_WARN_64_TO_32_BIT_CONVERSION = YES;
				GCC_WARN_ABOUT_RETURN_TYPE = YES_ERROR;
				GCC_WARN_UNDECLARED_SELECTOR = YES;
				GCC_WARN_UNINITIALIZED_AUTOS = YES_AGGRESSIVE;
				GCC_WARN_UNUSED_FUNCTION = YES;
				GCC_WARN_UNUSED_VARIABLE = YES;
				IPHONEOS_DEPLOYMENT_TARGET = 16.2;
				MTL_ENABLE_DEBUG_INFO = NO;
				MTL_FAST_MATH = YES;
				SDKROOT = iphoneos;
				SWIFT_COMPILATION_MODE = wholemodule;
				SWIFT_OPTIMIZATION_LEVEL = "-O";
				VALIDATE_PRODUCT = YES;
			};
			name = Release;
		};
		F6AEEA292977977800EE60A6 /* Debug */ = {
			isa = XCBuildConfiguration;
			baseConfigurationReference = FADF6B8BEF54CB5FB23C13BD /* Pods-SchoolSchedules.debug.xcconfig */;
			buildSettings = {
				ASSETCATALOG_COMPILER_APPICON_NAME = AppIcon;
				ASSETCATALOG_COMPILER_GLOBAL_ACCENT_COLOR_NAME = AccentColor;
				CODE_SIGN_STYLE = Automatic;
				CURRENT_PROJECT_VERSION = 1;
				DEVELOPMENT_ASSET_PATHS = "\"SchoolSchedules/Preview Content\"";
				ENABLE_PREVIEWS = YES;
				FRAMEWORK_SEARCH_PATHS = (
					"$(inherited)",
					"\"${PODS_ROOT}/Realm/core\"",
					"\"$(DEVELOPER_FRAMEWORKS_DIR)\"",
				);
				GENERATE_INFOPLIST_FILE = YES;
				INFOPLIST_KEY_UIApplicationSceneManifest_Generation = YES;
				INFOPLIST_KEY_UIApplicationSupportsIndirectInputEvents = YES;
				INFOPLIST_KEY_UILaunchScreen_Generation = YES;
				INFOPLIST_KEY_UISupportedInterfaceOrientations_iPad = "UIInterfaceOrientationPortrait UIInterfaceOrientationPortraitUpsideDown UIInterfaceOrientationLandscapeLeft UIInterfaceOrientationLandscapeRight";
				INFOPLIST_KEY_UISupportedInterfaceOrientations_iPhone = "UIInterfaceOrientationPortrait UIInterfaceOrientationLandscapeLeft UIInterfaceOrientationLandscapeRight";
				LD_RUNPATH_SEARCH_PATHS = (
					"$(inherited)",
					"@executable_path/Frameworks",
				);
				MARKETING_VERSION = 1.0;
				PRODUCT_BUNDLE_IDENTIFIER = "Tada-Tota.SchoolSchedules";
				PRODUCT_NAME = "$(TARGET_NAME)";
				SWIFT_EMIT_LOC_STRINGS = YES;
				SWIFT_VERSION = 5.0;
				TARGETED_DEVICE_FAMILY = "1,2";
			};
			name = Debug;
		};
		F6AEEA2A2977977800EE60A6 /* Release */ = {
			isa = XCBuildConfiguration;
			baseConfigurationReference = 70C3F3E367475F5A6B34A2D7 /* Pods-SchoolSchedules.release.xcconfig */;
			buildSettings = {
				ASSETCATALOG_COMPILER_APPICON_NAME = AppIcon;
				ASSETCATALOG_COMPILER_GLOBAL_ACCENT_COLOR_NAME = AccentColor;
				CODE_SIGN_STYLE = Automatic;
				CURRENT_PROJECT_VERSION = 1;
				DEVELOPMENT_ASSET_PATHS = "\"SchoolSchedules/Preview Content\"";
				ENABLE_PREVIEWS = YES;
				FRAMEWORK_SEARCH_PATHS = (
					"$(inherited)",
					"\"${PODS_ROOT}/Realm/core\"",
					"\"$(DEVELOPER_FRAMEWORKS_DIR)\"",
				);
				GENERATE_INFOPLIST_FILE = YES;
				INFOPLIST_KEY_UIApplicationSceneManifest_Generation = YES;
				INFOPLIST_KEY_UIApplicationSupportsIndirectInputEvents = YES;
				INFOPLIST_KEY_UILaunchScreen_Generation = YES;
				INFOPLIST_KEY_UISupportedInterfaceOrientations_iPad = "UIInterfaceOrientationPortrait UIInterfaceOrientationPortraitUpsideDown UIInterfaceOrientationLandscapeLeft UIInterfaceOrientationLandscapeRight";
				INFOPLIST_KEY_UISupportedInterfaceOrientations_iPhone = "UIInterfaceOrientationPortrait UIInterfaceOrientationLandscapeLeft UIInterfaceOrientationLandscapeRight";
				LD_RUNPATH_SEARCH_PATHS = (
					"$(inherited)",
					"@executable_path/Frameworks",
				);
				MARKETING_VERSION = 1.0;
				PRODUCT_BUNDLE_IDENTIFIER = "Tada-Tota.SchoolSchedules";
				PRODUCT_NAME = "$(TARGET_NAME)";
				SWIFT_EMIT_LOC_STRINGS = YES;
				SWIFT_VERSION = 5.0;
				TARGETED_DEVICE_FAMILY = "1,2";
			};
			name = Release;
		};
		F6AEEA2C2977977800EE60A6 /* Debug */ = {
			isa = XCBuildConfiguration;
			buildSettings = {
				ALWAYS_EMBED_SWIFT_STANDARD_LIBRARIES = YES;
				BUNDLE_LOADER = "$(TEST_HOST)";
				CODE_SIGN_STYLE = Automatic;
				CURRENT_PROJECT_VERSION = 1;
				GENERATE_INFOPLIST_FILE = YES;
				IPHONEOS_DEPLOYMENT_TARGET = 16.2;
				MARKETING_VERSION = 1.0;
				PRODUCT_BUNDLE_IDENTIFIER = "Tada-Tota.SchoolSchedulesTests";
				PRODUCT_NAME = "$(TARGET_NAME)";
				SWIFT_EMIT_LOC_STRINGS = NO;
				SWIFT_VERSION = 5.0;
				TARGETED_DEVICE_FAMILY = "1,2";
				TEST_HOST = "$(BUILT_PRODUCTS_DIR)/SchoolSchedules.app/$(BUNDLE_EXECUTABLE_FOLDER_PATH)/SchoolSchedules";
			};
			name = Debug;
		};
		F6AEEA2D2977977800EE60A6 /* Release */ = {
			isa = XCBuildConfiguration;
			buildSettings = {
				ALWAYS_EMBED_SWIFT_STANDARD_LIBRARIES = YES;
				BUNDLE_LOADER = "$(TEST_HOST)";
				CODE_SIGN_STYLE = Automatic;
				CURRENT_PROJECT_VERSION = 1;
				GENERATE_INFOPLIST_FILE = YES;
				IPHONEOS_DEPLOYMENT_TARGET = 16.2;
				MARKETING_VERSION = 1.0;
				PRODUCT_BUNDLE_IDENTIFIER = "Tada-Tota.SchoolSchedulesTests";
				PRODUCT_NAME = "$(TARGET_NAME)";
				SWIFT_EMIT_LOC_STRINGS = NO;
				SWIFT_VERSION = 5.0;
				TARGETED_DEVICE_FAMILY = "1,2";
				TEST_HOST = "$(BUILT_PRODUCTS_DIR)/SchoolSchedules.app/$(BUNDLE_EXECUTABLE_FOLDER_PATH)/SchoolSchedules";
			};
			name = Release;
		};
		F6AEEA2F2977977800EE60A6 /* Debug */ = {
			isa = XCBuildConfiguration;
			buildSettings = {
				ALWAYS_EMBED_SWIFT_STANDARD_LIBRARIES = YES;
				CODE_SIGN_STYLE = Automatic;
				CURRENT_PROJECT_VERSION = 1;
				GENERATE_INFOPLIST_FILE = YES;
				MARKETING_VERSION = 1.0;
				PRODUCT_BUNDLE_IDENTIFIER = "Tada-Tota.SchoolSchedulesUITests";
				PRODUCT_NAME = "$(TARGET_NAME)";
				SWIFT_EMIT_LOC_STRINGS = NO;
				SWIFT_VERSION = 5.0;
				TARGETED_DEVICE_FAMILY = "1,2";
				TEST_TARGET_NAME = SchoolSchedules;
			};
			name = Debug;
		};
		F6AEEA302977977800EE60A6 /* Release */ = {
			isa = XCBuildConfiguration;
			buildSettings = {
				ALWAYS_EMBED_SWIFT_STANDARD_LIBRARIES = YES;
				CODE_SIGN_STYLE = Automatic;
				CURRENT_PROJECT_VERSION = 1;
				GENERATE_INFOPLIST_FILE = YES;
				MARKETING_VERSION = 1.0;
				PRODUCT_BUNDLE_IDENTIFIER = "Tada-Tota.SchoolSchedulesUITests";
				PRODUCT_NAME = "$(TARGET_NAME)";
				SWIFT_EMIT_LOC_STRINGS = NO;
				SWIFT_VERSION = 5.0;
				TARGETED_DEVICE_FAMILY = "1,2";
				TEST_TARGET_NAME = SchoolSchedules;
			};
			name = Release;
		};
/* End XCBuildConfiguration section */

/* Begin XCConfigurationList section */
		F6AEE9FF2977977700EE60A6 /* Build configuration list for PBXProject "SchoolSchedules" */ = {
			isa = XCConfigurationList;
			buildConfigurations = (
				F6AEEA262977977800EE60A6 /* Debug */,
				F6AEEA272977977800EE60A6 /* Release */,
			);
			defaultConfigurationIsVisible = 0;
			defaultConfigurationName = Release;
		};
		F6AEEA282977977800EE60A6 /* Build configuration list for PBXNativeTarget "SchoolSchedules" */ = {
			isa = XCConfigurationList;
			buildConfigurations = (
				F6AEEA292977977800EE60A6 /* Debug */,
				F6AEEA2A2977977800EE60A6 /* Release */,
			);
			defaultConfigurationIsVisible = 0;
			defaultConfigurationName = Release;
		};
		F6AEEA2B2977977800EE60A6 /* Build configuration list for PBXNativeTarget "SchoolSchedulesTests" */ = {
			isa = XCConfigurationList;
			buildConfigurations = (
				F6AEEA2C2977977800EE60A6 /* Debug */,
				F6AEEA2D2977977800EE60A6 /* Release */,
			);
			defaultConfigurationIsVisible = 0;
			defaultConfigurationName = Release;
		};
		F6AEEA2E2977977800EE60A6 /* Build configuration list for PBXNativeTarget "SchoolSchedulesUITests" */ = {
			isa = XCConfigurationList;
			buildConfigurations = (
				F6AEEA2F2977977800EE60A6 /* Debug */,
				F6AEEA302977977800EE60A6 /* Release */,
			);
			defaultConfigurationIsVisible = 0;
			defaultConfigurationName = Release;
		};
/* End XCConfigurationList section */
	};
	rootObject = F6AEE9FC2977977700EE60A6 /* Project object */;
}
